{
    "name": "com.breathe.oky",
    "version": "0.0.1",
    "lockfileVersion": 1,
    "requires": true,
    "dependencies": {
        "alarmClock": {
            "version": "0.0.1",
            "resolved": "https://registry.npmjs.org/alarmClock/-/alarmClock-0.0.1.tgz",
            "integrity": "sha1-hbqYdEP+nv5ZQ9X8F4H01mck5Ak="
        },
        "cordova-plugin-android-support-v13": {
            "version": "git+https://github.com/nnexai/cordova-plugin-android-support-v13.git#8a30586b1d7edeecfc5e836638fd9ce668714895"
        },
        "cordova-plugin-background-app": {
            "version": "git+https://github.com/MobileChromeApps/cordova-plugin-background-app.git#9f07a60947be9b859df165044904eaff1295ade0"
        },
        "cordova-plugin-background-mode": {
            "version": "0.7.2",
            "resolved": "https://registry.npmjs.org/cordova-plugin-background-mode/-/cordova-plugin-background-mode-0.7.2.tgz",
            "integrity": "sha1-6vVjnAZahyMbPs91em4osQHQMy8="
        },
        "cordova-plugin-console": {
            "version": "1.0.7",
            "resolved": "https://registry.npmjs.org/cordova-plugin-console/-/cordova-plugin-console-1.0.7.tgz",
            "integrity": "sha1-ibepLtHDNYiN/ADZAtxBcgHPOws="
        },
        "cordova-plugin-device": {
            "version": "git+https://github.com/apache/cordova-plugin-device.git#71c419b5d41add4bcab4d77f713b125407e637bf"
        },
        "cordova-plugin-dialogs": {
            "version": "1.2.1",
            "resolved": "https://registry.npmjs.org/cordova-plugin-dialogs/-/cordova-plugin-dialogs-1.2.1.tgz",
            "integrity": "sha1-dDvIrwB2oQp29VbFE0ClMBY9MVM="
        },
        "cordova-plugin-file": {
            "version": "5.0.0",
            "resolved": "https://registry.npmjs.org/cordova-plugin-file/-/cordova-plugin-file-5.0.0.tgz",
            "integrity": "sha1-05doIyFmnAAL6McfjvRDiq6Pkl0="
        },
        "cordova-plugin-local-notifications": {
            "version": "1.0.0",
            "resolved": "https://registry.npmjs.org/cordova-plugin-local-notifications/-/cordova-plugin-local-notifications-1.0.0.tgz",
            "integrity": "sha1-F/bAlKvjpf4kIOTGLrzvKLykKAE="
        },
        "cordova-plugin-media": {
            "version": "4.0.0",
            "resolved": "https://registry.npmjs.org/cordova-plugin-media/-/cordova-plugin-media-4.0.0.tgz",
            "integrity": "sha1-9wgIH48OyzApHWei44FJZx2U8gs="
        },
        "cordova-plugin-statusbar": {
            "version": "2.1.3",
            "resolved": "https://registry.npmjs.org/cordova-plugin-statusbar/-/cordova-plugin-statusbar-2.1.3.tgz",
            "integrity": "sha1-lwRKjK8U1To0cpb2/LFe9c0+q4g="
        },
        "cordova-plugin-wakeuptimer-jk": {
            "version": "git+https://github.com/jkhax0r/cordova-plugin-wakeuptimer.git#195c80309af29b76b93ba05de03029d16e845d2e"
        },
        "cordova-plugin-whitelist": {
            "version": "1.2.2",
            "resolved": "https://registry.npmjs.org/cordova-plugin-whitelist/-/cordova-plugin-whitelist-1.2.2.tgz",
            "integrity": "sha1-CFk/yVeIViCdQ3t2yLBHUp8Z9iM="
        },
        "phonegap-plugin-push": {
            "version": "1.8.4",
            "resolved": "https://registry.npmjs.org/phonegap-plugin-push/-/phonegap-plugin-push-1.8.4.tgz",
            "integrity": "sha1-sGH+NaXrwvy+WWgYtladgdpmWqE="
        }
    }
}
